
Microsoft Visual Studio Solution File, Format Version 12.00
# Visual Studio Version 16
VisualStudioVersion = 16.0.29806.167
MinimumVisualStudioVersion = 10.0.40219.1
Project("{9A19103F-16F7-4668-BE54-9A1E7A4F7556}") = "WeAreGeekers.ModelMapper", "WeAreGeekers.ModelMapper.csproj", "{0C94FA43-3970-436E-8519-C6F89EBE5738}"
EndProject
Global
	GlobalSection(SolutionConfigurationPlatforms) = preSolution
		Debug|Any CPU = Debug|Any CPU
		Release|Any CPU = Release|Any CPU
	EndGlobalSection
	GlobalSection(ProjectConfigurationPlatforms) = postSolution
		{0C94FA43-3970-436E-8519-C6F89EBE5738}.Debug|Any CPU.ActiveCfg = Debug|Any CPU
		{0C94FA43-3970-436E-8519-C6F89EBE5738}.Debug|Any CPU.Build.0 = Debug|Any CPU
		{0C94FA43-3970-436E-8519-C6F89EBE5738}.Release|Any CPU.ActiveCfg = Release|Any CPU
		{0C94FA43-3970-436E-8519-C6F89EBE5738}.Release|Any CPU.Build.0 = Release|Any CPU
	EndGlobalSection
	GlobalSection(SolutionProperties) = preSolution
		HideSolutionNode = FALSE
	EndGlobalSection
	GlobalSection(ExtensibilityGlobals) = postSolution
		SolutionGuid = {8D810F3F-ECE0-435F-A4EA-0214B150A7BF}
	EndGlobalSection
EndGlobal
